{
    "_meta": {
        "hash": {
            "sha256": "c606416fe4deaedbce6e85ba6f4d6ad9148267bd8451c8e267622bc402965427"
        },
        "pipfile-spec": 6,
        "requires": {
            "python_version": "3.11"
        },
        "sources": [
            {
                "name": "pypi",
                "url": "https://pypi.org/simple",
                "verify_ssl": true
            }
        ]
    },
    "default": {
        "click": {
            "hashes": [
                "sha256:48ee849951919527a045bfe3bf7baa8a959c423134e1a5b98c05c20ba75a1cbd",
                "sha256:fa244bb30b3b5ee2cae3da8f55c9e5e0c0e86093306301fb418eb9dc40fbded5"
            ],
            "markers": "python_version >= '3.7'",
            "version": "==8.1.6"
        },
        "h11": {
            "hashes": [
                "sha256:8f19fbbe99e72420ff35c00b27a34cb9937e902a8b810e2c88300c6f0a3b699d",
                "sha256:e3fe4ac4b851c468cc8363d500db52c2ead036020723024a109d37346efaa761"
            ],
            "markers": "python_version >= '3.7'",
            "version": "==0.14.0"
        },
        "uvicorn": {
            "hashes": [
                "sha256:1d55d46b83ee4ce82b4e82f621f2050adb3eb7b5481c13f9af1744951cae2f1f",
                "sha256:da9b0c8443b2d7ee9db00a345f1eee6db7317432c9d4400f5049cc8d358383be"
            ],
            "index": "pypi",
            "version": "==0.23.1"
        }
    },
    "develop": {}
}
